
Microsoft Visual Studio Solution File, Format Version 12.00
# Visual Studio Version 17
VisualStudioVersion = 17.0.32126.317
MinimumVisualStudioVersion = 10.0.40219.1
Project("{9A19103F-16F7-4668-BE54-9A1E7A4F7556}") = "Model", "Model\Model.csproj", "{04D942BD-595E-46B2-8F6A-C028C4BD3BD9}"
EndProject
Project("{9A19103F-16F7-4668-BE54-9A1E7A4F7556}") = "MicroServicePerson", "MicroServiceRotas\MicroServicePerson.csproj", "{70CF8A1D-D348-499C-8297-B0AC2653A333}"
EndProject
Project("{9A19103F-16F7-4668-BE54-9A1E7A4F7556}") = "MicroServiceCity", "MicroServiceCity\MicroServiceCity.csproj", "{F5C001E6-4966-4E6B-A3E5-07AE6A534975}"
EndProject
Project("{9A19103F-16F7-4668-BE54-9A1E7A4F7556}") = "MicroServiceTeam", "MicroServiceTeam\MicroServiceTeam.csproj", "{74D27274-AF79-434A-8470-4A3112667033}"
EndProject
Project("{9A19103F-16F7-4668-BE54-9A1E7A4F7556}") = "Services", "Services\Services.csproj", "{EDF7CF99-3AD4-4BA1-9773-829EBB545896}"
EndProject
Project("{9A19103F-16F7-4668-BE54-9A1E7A4F7556}") = "MicroServiceUser", "MicroServiceUser\MicroServiceUser.csproj", "{81BCF4D5-D5AC-4EC0-AC9E-FB9F27345B72}"
EndProject
Project("{9A19103F-16F7-4668-BE54-9A1E7A4F7556}") = "MVCMongoDbRouteSystemLogin", "MVCMongoDbRouteSystemLogin\MVCMongoDbRouteSystemLogin.csproj", "{3829C440-006B-4106-B2A1-F9DA3F544EE3}"
EndProject
Global
	GlobalSection(SolutionConfigurationPlatforms) = preSolution
		Debug|Any CPU = Debug|Any CPU
		Release|Any CPU = Release|Any CPU
	EndGlobalSection
	GlobalSection(ProjectConfigurationPlatforms) = postSolution
		{04D942BD-595E-46B2-8F6A-C028C4BD3BD9}.Debug|Any CPU.ActiveCfg = Debug|Any CPU
		{04D942BD-595E-46B2-8F6A-C028C4BD3BD9}.Debug|Any CPU.Build.0 = Debug|Any CPU
		{04D942BD-595E-46B2-8F6A-C028C4BD3BD9}.Release|Any CPU.ActiveCfg = Release|Any CPU
		{04D942BD-595E-46B2-8F6A-C028C4BD3BD9}.Release|Any CPU.Build.0 = Release|Any CPU
		{70CF8A1D-D348-499C-8297-B0AC2653A333}.Debug|Any CPU.ActiveCfg = Debug|Any CPU
		{70CF8A1D-D348-499C-8297-B0AC2653A333}.Debug|Any CPU.Build.0 = Debug|Any CPU
		{70CF8A1D-D348-499C-8297-B0AC2653A333}.Release|Any CPU.ActiveCfg = Release|Any CPU
		{70CF8A1D-D348-499C-8297-B0AC2653A333}.Release|Any CPU.Build.0 = Release|Any CPU
		{F5C001E6-4966-4E6B-A3E5-07AE6A534975}.Debug|Any CPU.ActiveCfg = Debug|Any CPU
		{F5C001E6-4966-4E6B-A3E5-07AE6A534975}.Debug|Any CPU.Build.0 = Debug|Any CPU
		{F5C001E6-4966-4E6B-A3E5-07AE6A534975}.Release|Any CPU.ActiveCfg = Release|Any CPU
		{F5C001E6-4966-4E6B-A3E5-07AE6A534975}.Release|Any CPU.Build.0 = Release|Any CPU
		{74D27274-AF79-434A-8470-4A3112667033}.Debug|Any CPU.ActiveCfg = Debug|Any CPU
		{74D27274-AF79-434A-8470-4A3112667033}.Debug|Any CPU.Build.0 = Debug|Any CPU
		{74D27274-AF79-434A-8470-4A3112667033}.Release|Any CPU.ActiveCfg = Release|Any CPU
		{74D27274-AF79-434A-8470-4A3112667033}.Release|Any CPU.Build.0 = Release|Any CPU
		{EDF7CF99-3AD4-4BA1-9773-829EBB545896}.Debug|Any CPU.ActiveCfg = Debug|Any CPU
		{EDF7CF99-3AD4-4BA1-9773-829EBB545896}.Debug|Any CPU.Build.0 = Debug|Any CPU
		{EDF7CF99-3AD4-4BA1-9773-829EBB545896}.Release|Any CPU.ActiveCfg = Release|Any CPU
		{EDF7CF99-3AD4-4BA1-9773-829EBB545896}.Release|Any CPU.Build.0 = Release|Any CPU
		{81BCF4D5-D5AC-4EC0-AC9E-FB9F27345B72}.Debug|Any CPU.ActiveCfg = Debug|Any CPU
		{81BCF4D5-D5AC-4EC0-AC9E-FB9F27345B72}.Debug|Any CPU.Build.0 = Debug|Any CPU
		{81BCF4D5-D5AC-4EC0-AC9E-FB9F27345B72}.Release|Any CPU.ActiveCfg = Release|Any CPU
		{81BCF4D5-D5AC-4EC0-AC9E-FB9F27345B72}.Release|Any CPU.Build.0 = Release|Any CPU
		{3829C440-006B-4106-B2A1-F9DA3F544EE3}.Debug|Any CPU.ActiveCfg = Debug|Any CPU
		{3829C440-006B-4106-B2A1-F9DA3F544EE3}.Debug|Any CPU.Build.0 = Debug|Any CPU
		{3829C440-006B-4106-B2A1-F9DA3F544EE3}.Release|Any CPU.ActiveCfg = Release|Any CPU
		{3829C440-006B-4106-B2A1-F9DA3F544EE3}.Release|Any CPU.Build.0 = Release|Any CPU
	EndGlobalSection
	GlobalSection(SolutionProperties) = preSolution
		HideSolutionNode = FALSE
	EndGlobalSection
	GlobalSection(ExtensibilityGlobals) = postSolution
		SolutionGuid = {6A67F3B4-B2DD-438F-9291-A93B54B4FD6D}
	EndGlobalSection
EndGlobal
